// !$*UTF8*$!
{
	archiveVersion = 1;
	classes = {
	};
	objectVersion = 56;
	objects = {

/* Begin PBXBuildFile section */
		AA0000000000000000000015 /* ReturnGuardApp.swift in Sources */ = {isa = PBXBuildFile; fileRef = AA0000000000000000000014 /* ReturnGuardApp.swift */; };
		AA0000000000000000000017 /* Theme.swift in Sources */ = {isa = PBXBuildFile; fileRef = AA0000000000000000000016 /* Theme.swift */; };
		AA0000000000000000000019 /* Models.swift in Sources */ = {isa = PBXBuildFile; fileRef = AA0000000000000000000018 /* Models.swift */; };
		AA000000000000000000001B /* Receipt.swift in Sources */ = {isa = PBXBuildFile; fileRef = AA000000000000000000001A /* Receipt.swift */; };
		AA000000000000000000001D /* AppModel.swift in Sources */ = {isa = PBXBuildFile; fileRef = AA000000000000000000001C /* AppModel.swift */; };
		AA000000000000000000001F /* Components.swift in Sources */ = {isa = PBXBuildFile; fileRef = AA000000000000000000001E /* Components.swift */; };
		AA0000000000000000000021 /* RootView.swift in Sources */ = {isa = PBXBuildFile; fileRef = AA0000000000000000000020 /* RootView.swift */; };
		AA0000000000000000000023 /* HomeView.swift in Sources */ = {isa = PBXBuildFile; fileRef = AA0000000000000000000022 /* HomeView.swift */; };
		AA0000000000000000000025 /* PurchasesView.swift in Sources */ = {isa = PBXBuildFile; fileRef = AA0000000000000000000024 /* PurchasesView.swift */; };
		AA0000000000000000000027 /* WarrantiesView.swift in Sources */ = {isa = PBXBuildFile; fileRef = AA0000000000000000000026 /* WarrantiesView.swift */; };
		AA0000000000000000000029 /* SettingsView.swift in Sources */ = {isa = PBXBuildFile; fileRef = AA0000000000000000000028 /* SettingsView.swift */; };
		AA000000000000000000002B /* PurchaseDetailView.swift in Sources */ = {isa = PBXBuildFile; fileRef = AA000000000000000000002A /* PurchaseDetailView.swift */; };
		AA000000000000000000002D /* AddPurchaseSheet.swift in Sources */ = {isa = PBXBuildFile; fileRef = AA000000000000000000002C /* AddPurchaseSheet.swift */; };
		AA000000000000000000002F /* DocumentScannerView.swift in Sources */ = {isa = PBXBuildFile; fileRef = AA000000000000000000002E /* DocumentScannerView.swift */; };
		AA0000000000000000000031 /* ReceiptOCR.swift in Sources */ = {isa = PBXBuildFile; fileRef = AA0000000000000000000030 /* ReceiptOCR.swift */; };
		AA0000000000000000000033 /* ReceiptFormView.swift in Sources */ = {isa = PBXBuildFile; fileRef = AA0000000000000000000032 /* ReceiptFormView.swift */; };
		AA0000000000000000000035 /* ScanProcessingView.swift in Sources */ = {isa = PBXBuildFile; fileRef = AA0000000000000000000034 /* ScanProcessingView.swift */; };
		AA0000000000000000000037 /* Barlow-Regular.ttf in Resources */ = {isa = PBXBuildFile; fileRef = AA0000000000000000000036 /* Barlow-Regular.ttf */; };
		AA0000000000000000000039 /* Barlow-Medium.ttf in Resources */ = {isa = PBXBuildFile; fileRef = AA0000000000000000000038 /* Barlow-Medium.ttf */; };
		AA000000000000000000003B /* Barlow-SemiBold.ttf in Resources */ = {isa = PBXBuildFile; fileRef = AA000000000000000000003A /* Barlow-SemiBold.ttf */; };
		AA000000000000000000003D /* BarlowCondensed-Medium.ttf in Resources */ = {isa = PBXBuildFile; fileRef = AA000000000000000000003C /* BarlowCondensed-Medium.ttf */; };
		AA000000000000000000003F /* BarlowCondensed-SemiBold.ttf in Resources */ = {isa = PBXBuildFile; fileRef = AA000000000000000000003E /* BarlowCondensed-SemiBold.ttf */; };
		AA0000000000000000000041 /* BarlowCondensed-Bold.ttf in Resources */ = {isa = PBXBuildFile; fileRef = AA0000000000000000000040 /* BarlowCondensed-Bold.ttf */; };
		AA000000000000000000000C /* Assets.xcassets in Resources */ = {isa = PBXBuildFile; fileRef = AA000000000000000000000B /* Assets.xcassets */; };
/* End PBXBuildFile section */

/* Begin PBXFileReference section */
		AA0000000000000000000014 /* ReturnGuardApp.swift */ = {isa = PBXFileReference; lastKnownFileType = sourcecode.swift; path = ReturnGuardApp.swift; sourceTree = "<group>"; };
		AA0000000000000000000016 /* Theme.swift */ = {isa = PBXFileReference; lastKnownFileType = sourcecode.swift; path = Theme.swift; sourceTree = "<group>"; };
		AA0000000000000000000018 /* Models.swift */ = {isa = PBXFileReference; lastKnownFileType = sourcecode.swift; path = Models.swift; sourceTree = "<group>"; };
		AA000000000000000000001A /* Receipt.swift */ = {isa = PBXFileReference; lastKnownFileType = sourcecode.swift; path = Receipt.swift; sourceTree = "<group>"; };
		AA000000000000000000001C /* AppModel.swift */ = {isa = PBXFileReference; lastKnownFileType = sourcecode.swift; path = AppModel.swift; sourceTree = "<group>"; };
		AA000000000000000000001E /* Components.swift */ = {isa = PBXFileReference; lastKnownFileType = sourcecode.swift; path = Components.swift; sourceTree = "<group>"; };
		AA0000000000000000000020 /* RootView.swift */ = {isa = PBXFileReference; lastKnownFileType = sourcecode.swift; path = RootView.swift; sourceTree = "<group>"; };
		AA0000000000000000000022 /* HomeView.swift */ = {isa = PBXFileReference; lastKnownFileType = sourcecode.swift; path = HomeView.swift; sourceTree = "<group>"; };
		AA0000000000000000000024 /* PurchasesView.swift */ = {isa = PBXFileReference; lastKnownFileType = sourcecode.swift; path = PurchasesView.swift; sourceTree = "<group>"; };
		AA0000000000000000000026 /* WarrantiesView.swift */ = {isa = PBXFileReference; lastKnownFileType = sourcecode.swift; path = WarrantiesView.swift; sourceTree = "<group>"; };
		AA0000000000000000000028 /* SettingsView.swift */ = {isa = PBXFileReference; lastKnownFileType = sourcecode.swift; path = SettingsView.swift; sourceTree = "<group>"; };
		AA000000000000000000002A /* PurchaseDetailView.swift */ = {isa = PBXFileReference; lastKnownFileType = sourcecode.swift; path = PurchaseDetailView.swift; sourceTree = "<group>"; };
		AA000000000000000000002C /* AddPurchaseSheet.swift */ = {isa = PBXFileReference; lastKnownFileType = sourcecode.swift; path = AddPurchaseSheet.swift; sourceTree = "<group>"; };
		AA000000000000000000002E /* DocumentScannerView.swift */ = {isa = PBXFileReference; lastKnownFileType = sourcecode.swift; path = DocumentScannerView.swift; sourceTree = "<group>"; };
		AA0000000000000000000030 /* ReceiptOCR.swift */ = {isa = PBXFileReference; lastKnownFileType = sourcecode.swift; path = ReceiptOCR.swift; sourceTree = "<group>"; };
		AA0000000000000000000032 /* ReceiptFormView.swift */ = {isa = PBXFileReference; lastKnownFileType = sourcecode.swift; path = ReceiptFormView.swift; sourceTree = "<group>"; };
		AA0000000000000000000034 /* ScanProcessingView.swift */ = {isa = PBXFileReference; lastKnownFileType = sourcecode.swift; path = ScanProcessingView.swift; sourceTree = "<group>"; };
		AA0000000000000000000036 /* Barlow-Regular.ttf */ = {isa = PBXFileReference; lastKnownFileType = file; path = Barlow-Regular.ttf; sourceTree = "<group>"; };
		AA0000000000000000000038 /* Barlow-Medium.ttf */ = {isa = PBXFileReference; lastKnownFileType = file; path = Barlow-Medium.ttf; sourceTree = "<group>"; };
		AA000000000000000000003A /* Barlow-SemiBold.ttf */ = {isa = PBXFileReference; lastKnownFileType = file; path = Barlow-SemiBold.ttf; sourceTree = "<group>"; };
		AA000000000000000000003C /* BarlowCondensed-Medium.ttf */ = {isa = PBXFileReference; lastKnownFileType = file; path = BarlowCondensed-Medium.ttf; sourceTree = "<group>"; };
		AA000000000000000000003E /* BarlowCondensed-SemiBold.ttf */ = {isa = PBXFileReference; lastKnownFileType = file; path = BarlowCondensed-SemiBold.ttf; sourceTree = "<group>"; };
		AA0000000000000000000040 /* BarlowCondensed-Bold.ttf */ = {isa = PBXFileReference; lastKnownFileType = file; path = BarlowCondensed-Bold.ttf; sourceTree = "<group>"; };
		AA000000000000000000000B /* Assets.xcassets */ = {isa = PBXFileReference; lastKnownFileType = folder.assetcatalog; path = Assets.xcassets; sourceTree = "<group>"; };
		AA000000000000000000000D /* Info.plist */ = {isa = PBXFileReference; lastKnownFileType = text.plist.xml; path = Info.plist; sourceTree = "<group>"; };
		AA0000000000000000000006 /* ReturnGuard.app */ = {isa = PBXFileReference; explicitFileType = wrapper.application; includeInIndex = 0; path = ReturnGuard.app; sourceTree = BUILT_PRODUCTS_DIR; };
/* End PBXFileReference section */

/* Begin PBXFrameworksBuildPhase section */
		AA0000000000000000000009 /* Frameworks */ = {
			isa = PBXFrameworksBuildPhase;
			buildActionMask = 2147483647;
			files = (
			);
			runOnlyForDeploymentPostprocessing = 0;
		};
/* End PBXFrameworksBuildPhase section */

/* Begin PBXGroup section */
		AA0000000000000000000002 = {
			isa = PBXGroup;
			children = (
				AA0000000000000000000004 /* ReturnGuard */,
				AA0000000000000000000003 /* Products */,
			);
			sourceTree = "<group>";
		};
		AA0000000000000000000003 /* Products */ = {
			isa = PBXGroup;
			children = (
				AA0000000000000000000006 /* ReturnGuard.app */,
			);
			name = Products;
			sourceTree = "<group>";
		};
		AA0000000000000000000004 /* ReturnGuard */ = {
			isa = PBXGroup;
			children = (
				AA0000000000000000000014 /* ReturnGuardApp.swift */,
				AA0000000000000000000016 /* Theme.swift */,
				AA0000000000000000000018 /* Models.swift */,
				AA000000000000000000001A /* Receipt.swift */,
				AA000000000000000000001C /* AppModel.swift */,
				AA000000000000000000001E /* Components.swift */,
				AA0000000000000000000020 /* RootView.swift */,
				AA0000000000000000000022 /* HomeView.swift */,
				AA0000000000000000000024 /* PurchasesView.swift */,
				AA0000000000000000000026 /* WarrantiesView.swift */,
				AA0000000000000000000028 /* SettingsView.swift */,
				AA000000000000000000002A /* PurchaseDetailView.swift */,
				AA000000000000000000002C /* AddPurchaseSheet.swift */,
				AA000000000000000000002E /* DocumentScannerView.swift */,
				AA0000000000000000000030 /* ReceiptOCR.swift */,
				AA0000000000000000000032 /* ReceiptFormView.swift */,
				AA0000000000000000000034 /* ScanProcessingView.swift */,
				AA000000000000000000000B /* Assets.xcassets */,
				AA000000000000000000000D /* Info.plist */,
				AA0000000000000000000005 /* Fonts */,
			);
			path = ReturnGuard;
			sourceTree = "<group>";
		};
		AA0000000000000000000005 /* Fonts */ = {
			isa = PBXGroup;
			children = (
				AA0000000000000000000036 /* Barlow-Regular.ttf */,
				AA0000000000000000000038 /* Barlow-Medium.ttf */,
				AA000000000000000000003A /* Barlow-SemiBold.ttf */,
				AA000000000000000000003C /* BarlowCondensed-Medium.ttf */,
				AA000000000000000000003E /* BarlowCondensed-SemiBold.ttf */,
				AA0000000000000000000040 /* BarlowCondensed-Bold.ttf */,
			);
			path = Fonts;
			sourceTree = "<group>";
		};
/* End PBXGroup section */

/* Begin PBXNativeTarget section */
		AA0000000000000000000007 /* ReturnGuard */ = {
			isa = PBXNativeTarget;
			buildConfigurationList = AA0000000000000000000011 /* Build configuration list for PBXNativeTarget "ReturnGuard" */;
			buildPhases = (
				AA0000000000000000000008 /* Sources */,
				AA0000000000000000000009 /* Frameworks */,
				AA000000000000000000000A /* Resources */,
			);
			buildRules = (
			);
			dependencies = (
			);
			name = ReturnGuard;
			productName = ReturnGuard;
			productReference = AA0000000000000000000006 /* ReturnGuard.app */;
			productType = "com.apple.product-type.application";
		};
/* End PBXNativeTarget section */

/* Begin PBXProject section */
		AA0000000000000000000001 /* Project object */ = {
			isa = PBXProject;
			attributes = {
				BuildIndependentTargetsInParallel = 1;
				LastSwiftUpdateCheck = 1600;
				LastUpgradeCheck = 1600;
				TargetAttributes = {
					AA0000000000000000000007 = {
						CreatedOnToolsVersion = 16.0;
					};
				};
			};
			buildConfigurationList = AA000000000000000000000E /* Build configuration list for PBXProject "ReturnGuard" */;
			compatibilityVersion = "Xcode 14.0";
			developmentRegion = en;
			hasScannedForEncodings = 0;
			knownRegions = (
				en,
				Base,
			);
			mainGroup = AA0000000000000000000002;
			productRefGroup = AA0000000000000000000003 /* Products */;
			projectDirPath = "";
			projectRoot = "";
			targets = (
				AA0000000000000000000007 /* ReturnGuard */,
			);
		};
/* End PBXProject section */

/* Begin PBXResourcesBuildPhase section */
		AA000000000000000000000A /* Resources */ = {
			isa = PBXResourcesBuildPhase;
			buildActionMask = 2147483647;
			files = (
				AA000000000000000000000C /* Assets.xcassets in Resources */,
				AA0000000000000000000037 /* Barlow-Regular.ttf in Resources */,
				AA0000000000000000000039 /* Barlow-Medium.ttf in Resources */,
				AA000000000000000000003B /* Barlow-SemiBold.ttf in Resources */,
				AA000000000000000000003D /* BarlowCondensed-Medium.ttf in Resources */,
				AA000000000000000000003F /* BarlowCondensed-SemiBold.ttf in Resources */,
				AA0000000000000000000041 /* BarlowCondensed-Bold.ttf in Resources */,
			);
			runOnlyForDeploymentPostprocessing = 0;
		};
/* End PBXResourcesBuildPhase section */

/* Begin PBXSourcesBuildPhase section */
		AA0000000000000000000008 /* Sources */ = {
			isa = PBXSourcesBuildPhase;
			buildActionMask = 2147483647;
			files = (
				AA0000000000000000000015 /* ReturnGuardApp.swift in Sources */,
				AA0000000000000000000017 /* Theme.swift in Sources */,
				AA0000000000000000000019 /* Models.swift in Sources */,
				AA000000000000000000001B /* Receipt.swift in Sources */,
				AA000000000000000000001D /* AppModel.swift in Sources */,
				AA000000000000000000001F /* Components.swift in Sources */,
				AA0000000000000000000021 /* RootView.swift in Sources */,
				AA0000000000000000000023 /* HomeView.swift in Sources */,
				AA0000000000000000000025 /* PurchasesView.swift in Sources */,
				AA0000000000000000000027 /* WarrantiesView.swift in Sources */,
				AA0000000000000000000029 /* SettingsView.swift in Sources */,
				AA000000000000000000002B /* PurchaseDetailView.swift in Sources */,
				AA000000000000000000002D /* AddPurchaseSheet.swift in Sources */,
				AA000000000000000000002F /* DocumentScannerView.swift in Sources */,
				AA0000000000000000000031 /* ReceiptOCR.swift in Sources */,
				AA0000000000000000000033 /* ReceiptFormView.swift in Sources */,
				AA0000000000000000000035 /* ScanProcessingView.swift in Sources */,
			);
			runOnlyForDeploymentPostprocessing = 0;
		};
/* End PBXSourcesBuildPhase section */

/* Begin XCBuildConfiguration section */
		AA000000000000000000000F /* Debug */ = {
			isa = XCBuildConfiguration;
			buildSettings = {
				ALWAYS_SEARCH_USER_PATHS = NO;
				CLANG_ANALYZER_NONNULL = YES;
				CLANG_ANALYZER_NUMBER_OBJECT_CONVERSION = YES_AGGRESSIVE;
				CLANG_CXX_LANGUAGE_STANDARD = "gnu++20";
				CLANG_ENABLE_MODULES = YES;
				CLANG_ENABLE_OBJC_ARC = YES;
				CLANG_ENABLE_OBJC_WEAK = YES;
				CLANG_WARN_BLOCK_CAPTURE_AUTORELEASING = YES;
				CLANG_WARN_BOOL_CONVERSION = YES;
				CLANG_WARN_COMMA = YES;
				CLANG_WARN_CONSTANT_CONVERSION = YES;
				CLANG_WARN_DEPRECATED_OBJC_IMPLEMENTATIONS = YES;
				CLANG_WARN_DIRECT_OBJC_ISA_USAGE = YES_ERROR;
				CLANG_WARN_DOCUMENTATION_COMMENTS = YES;
				CLANG_WARN_EMPTY_BODY = YES;
				CLANG_WARN_ENUM_CONVERSION = YES;
				CLANG_WARN_INFINITE_RECURSION = YES;
				CLANG_WARN_INT_CONVERSION = YES;
				CLANG_WARN_NON_LITERAL_NULL_CONVERSION = YES;
				CLANG_WARN_OBJC_IMPLICIT_RETAIN_SELF = YES;
				CLANG_WARN_OBJC_LITERAL_CONVERSION = YES;
				CLANG_WARN_OBJC_ROOT_CLASS = YES_ERROR;
				CLANG_WARN_QUOTED_INCLUDE_IN_FRAMEWORK_HEADER = YES;
				CLANG_WARN_RANGE_LOOP_ANALYSIS = YES;
				CLANG_WARN_STRICT_PROTOTYPES = YES;
				CLANG_WARN_SUSPICIOUS_MOVE = YES;
				CLANG_WARN_UNGUARDED_AVAILABILITY = YES_AGGRESSIVE;
				CLANG_WARN_UNREACHABLE_CODE = YES;
				CLANG_WARN__DUPLICATE_METHOD_MATCH = YES;
				COPY_PHASE_STRIP = NO;
				DEBUG_INFORMATION_FORMAT = dwarf;
				ENABLE_STRICT_OBJC_MSGSEND = YES;
				ENABLE_TESTABILITY = YES;
				GCC_C_LANGUAGE_STANDARD = gnu17;
				GCC_DYNAMIC_NO_PIC = NO;
				GCC_NO_COMMON_BLOCKS = YES;
				GCC_OPTIMIZATION_LEVEL = 0;
				GCC_PREPROCESSOR_DEFINITIONS = (
					"DEBUG=1",
					"$(inherited)",
				);
				GCC_WARN_64_TO_32_BIT_CONVERSION = YES;
				GCC_WARN_ABOUT_RETURN_TYPE = YES_ERROR;
				GCC_WARN_UNDECLARED_SELECTOR = YES;
				GCC_WARN_UNINITIALIZED_AUTOS = YES_AGGRESSIVE;
				GCC_WARN_UNUSED_FUNCTION = YES;
				GCC_WARN_UNUSED_VARIABLE = YES;
				IPHONEOS_DEPLOYMENT_TARGET = 17.0;
				MTL_ENABLE_DEBUG_INFO = INCLUDE_SOURCE;
				MTL_FAST_MATH = YES;
				ONLY_ACTIVE_ARCH = YES;
				SDKROOT = iphoneos;
				SWIFT_ACTIVE_COMPILATION_CONDITIONS = "DEBUG $(inherited)";
				SWIFT_OPTIMIZATION_LEVEL = "-Onone";
				SWIFT_VERSION = 5.0;
			};
			name = Debug;
		};
		AA0000000000000000000010 /* Release */ = {
			isa = XCBuildConfiguration;
			buildSettings = {
				ALWAYS_SEARCH_USER_PATHS = NO;
				CLANG_ANALYZER_NONNULL = YES;
				CLANG_ANALYZER_NUMBER_OBJECT_CONVERSION = YES_AGGRESSIVE;
				CLANG_CXX_LANGUAGE_STANDARD = "gnu++20";
				CLANG_ENABLE_MODULES = YES;
				CLANG_ENABLE_OBJC_ARC = YES;
				CLANG_ENABLE_OBJC_WEAK = YES;
				CLANG_WARN_BLOCK_CAPTURE_AUTORELEASING = YES;
				CLANG_WARN_BOOL_CONVERSION = YES;
				CLANG_WARN_COMMA = YES;
				CLANG_WARN_CONSTANT_CONVERSION = YES;
				CLANG_WARN_DEPRECATED_OBJC_IMPLEMENTATIONS = YES;
				CLANG_WARN_DIRECT_OBJC_ISA_USAGE = YES_ERROR;
				CLANG_WARN_DOCUMENTATION_COMMENTS = YES;
				CLANG_WARN_EMPTY_BODY = YES;
				CLANG_WARN_ENUM_CONVERSION = YES;
				CLANG_WARN_INFINITE_RECURSION = YES;
				CLANG_WARN_INT_CONVERSION = YES;
				CLANG_WARN_NON_LITERAL_NULL_CONVERSION = YES;
				CLANG_WARN_OBJC_IMPLICIT_RETAIN_SELF = YES;
				CLANG_WARN_OBJC_LITERAL_CONVERSION = YES;
				CLANG_WARN_OBJC_ROOT_CLASS = YES_ERROR;
				CLANG_WARN_QUOTED_INCLUDE_IN_FRAMEWORK_HEADER = YES;
				CLANG_WARN_RANGE_LOOP_ANALYSIS = YES;
				CLANG_WARN_STRICT_PROTOTYPES = YES;
				CLANG_WARN_SUSPICIOUS_MOVE = YES;
				CLANG_WARN_UNGUARDED_AVAILABILITY = YES_AGGRESSIVE;
				CLANG_WARN_UNREACHABLE_CODE = YES;
				CLANG_WARN__DUPLICATE_METHOD_MATCH = YES;
				COPY_PHASE_STRIP = NO;
				DEBUG_INFORMATION_FORMAT = "dwarf-with-dsym";
				ENABLE_NS_ASSERTIONS = NO;
				ENABLE_STRICT_OBJC_MSGSEND = YES;
				GCC_C_LANGUAGE_STANDARD = gnu17;
				GCC_NO_COMMON_BLOCKS = YES;
				GCC_WARN_64_TO_32_BIT_CONVERSION = YES;
				GCC_WARN_ABOUT_RETURN_TYPE = YES_ERROR;
				GCC_WARN_UNDECLARED_SELECTOR = YES;
				GCC_WARN_UNINITIALIZED_AUTOS = YES_AGGRESSIVE;
				GCC_WARN_UNUSED_FUNCTION = YES;
				GCC_WARN_UNUSED_VARIABLE = YES;
				IPHONEOS_DEPLOYMENT_TARGET = 17.0;
				MTL_ENABLE_DEBUG_INFO = NO;
				MTL_FAST_MATH = YES;
				SDKROOT = iphoneos;
				SWIFT_COMPILATION_MODE = wholemodule;
				SWIFT_VERSION = 5.0;
				VALIDATE_PRODUCT = YES;
			};
			name = Release;
		};
		AA0000000000000000000012 /* Debug */ = {
			isa = XCBuildConfiguration;
			buildSettings = {
				ASSETCATALOG_COMPILER_APPICON_NAME = AppIcon;
				ASSETCATALOG_COMPILER_GLOBAL_ACCENT_COLOR_NAME = AccentColor;
				ASSETCATALOG_COMPILER_INCLUDE_ALL_APPICON_ASSETS = NO;
				CODE_SIGN_STYLE = Automatic;
				CURRENT_PROJECT_VERSION = 1;
				GENERATE_INFOPLIST_FILE = NO;
				INFOPLIST_FILE = ReturnGuard/Info.plist;
				LD_RUNPATH_SEARCH_PATHS = (
					"$(inherited)",
					"@executable_path/Frameworks",
				);
				MARKETING_VERSION = 1.0;
				PRODUCT_BUNDLE_IDENTIFIER = "com.darialitkevych.ReturnGuard";
				PRODUCT_NAME = "$(TARGET_NAME)";
				SWIFT_EMIT_LOC_STRINGS = YES;
				SWIFT_VERSION = 5.0;
				TARGETED_DEVICE_FAMILY = "1,2";
			};
			name = Debug;
		};
		AA0000000000000000000013 /* Release */ = {
			isa = XCBuildConfiguration;
			buildSettings = {
				ASSETCATALOG_COMPILER_APPICON_NAME = AppIcon;
				ASSETCATALOG_COMPILER_GLOBAL_ACCENT_COLOR_NAME = AccentColor;
				ASSETCATALOG_COMPILER_INCLUDE_ALL_APPICON_ASSETS = NO;
				CODE_SIGN_STYLE = Automatic;
				CURRENT_PROJECT_VERSION = 1;
				GENERATE_INFOPLIST_FILE = NO;
				INFOPLIST_FILE = ReturnGuard/Info.plist;
				LD_RUNPATH_SEARCH_PATHS = (
					"$(inherited)",
					"@executable_path/Frameworks",
				);
				MARKETING_VERSION = 1.0;
				PRODUCT_BUNDLE_IDENTIFIER = "com.darialitkevych.ReturnGuard";
				PRODUCT_NAME = "$(TARGET_NAME)";
				SWIFT_EMIT_LOC_STRINGS = YES;
				SWIFT_VERSION = 5.0;
				TARGETED_DEVICE_FAMILY = "1,2";
			};
			name = Release;
		};
/* End XCBuildConfiguration section */

/* Begin XCConfigurationList section */
		AA000000000000000000000E /* Build configuration list for PBXProject "ReturnGuard" */ = {
			isa = XCConfigurationList;
			buildConfigurations = (
				AA000000000000000000000F /* Debug */,
				AA0000000000000000000010 /* Release */,
			);
			defaultConfigurationIsVisible = 0;
			defaultConfigurationName = Release;
		};
		AA0000000000000000000011 /* Build configuration list for PBXNativeTarget "ReturnGuard" */ = {
			isa = XCConfigurationList;
			buildConfigurations = (
				AA0000000000000000000012 /* Debug */,
				AA0000000000000000000013 /* Release */,
			);
			defaultConfigurationIsVisible = 0;
			defaultConfigurationName = Release;
		};
/* End XCConfigurationList section */
	};
	rootObject = AA0000000000000000000001 /* Project object */;
}
